
Microsoft Visual Studio Solution File, Format Version 12.00
# Visual Studio 14
VisualStudioVersion = 14.0.25420.1
MinimumVisualStudioVersion = 10.0.40219.1
Project("{FAE04EC0-301F-11D3-BF4B-00C04F79EFBC}") = "CodeContractsAccount", "CodeContractsAccount\CodeContractsAccount.csproj", "{0A65217A-52D0-499B-94DE-F238C8E813D1}"
EndProject
Project("{FAE04EC0-301F-11D3-BF4B-00C04F79EFBC}") = "CodeContractsAccountTests", "CodeContractsAccountTests\CodeContractsAccountTests.csproj", "{EFE28325-03B7-4382-8226-0E50AD97DD0A}"
EndProject
Global
	GlobalSection(SolutionConfigurationPlatforms) = preSolution
		Debug|Any CPU = Debug|Any CPU
		Release|Any CPU = Release|Any CPU
	EndGlobalSection
	GlobalSection(ProjectConfigurationPlatforms) = postSolution
		{0A65217A-52D0-499B-94DE-F238C8E813D1}.Debug|Any CPU.ActiveCfg = Debug|Any CPU
		{0A65217A-52D0-499B-94DE-F238C8E813D1}.Debug|Any CPU.Build.0 = Debug|Any CPU
		{0A65217A-52D0-499B-94DE-F238C8E813D1}.Release|Any CPU.ActiveCfg = Release|Any CPU
		{0A65217A-52D0-499B-94DE-F238C8E813D1}.Release|Any CPU.Build.0 = Release|Any CPU
		{EFE28325-03B7-4382-8226-0E50AD97DD0A}.Debug|Any CPU.ActiveCfg = Debug|Any CPU
		{EFE28325-03B7-4382-8226-0E50AD97DD0A}.Debug|Any CPU.Build.0 = Debug|Any CPU
		{EFE28325-03B7-4382-8226-0E50AD97DD0A}.Release|Any CPU.ActiveCfg = Release|Any CPU
		{EFE28325-03B7-4382-8226-0E50AD97DD0A}.Release|Any CPU.Build.0 = Release|Any CPU
	EndGlobalSection
	GlobalSection(SolutionProperties) = preSolution
		HideSolutionNode = FALSE
	EndGlobalSection
EndGlobal
